
Microsoft Visual Studio Solution File, Format Version 12.00
# Visual Studio Version 17
VisualStudioVersion = 17.9.34728.123
MinimumVisualStudioVersion = 10.0.40219.1
Project("{9A19103F-16F7-4668-BE54-9A1E7A4F7556}") = "DevoirsAlexa.Presentation", "DevoirsAlexa.Presentation\DevoirsAlexa.Presentation.csproj", "{0B74EAE6-C71A-4CA0-A96D-ED51B2375B48}"
EndProject
Project("{9A19103F-16F7-4668-BE54-9A1E7A4F7556}") = "DevoirsAlexa.Tests", "DevoirsAlexa.Tests\DevoirsAlexa.Tests.csproj", "{179FC3D1-F235-4AF3-A7C4-B442A2FF020E}"
EndProject
Project("{9A19103F-16F7-4668-BE54-9A1E7A4F7556}") = "DevoirsAlexa.Application", "DevoirsAlexa.Application\DevoirsAlexa.Application.csproj", "{13CFEDE8-A313-44E3-B385-101EB4C97C6E}"
EndProject
Project("{9A19103F-16F7-4668-BE54-9A1E7A4F7556}") = "DevoirsAlexa.Domain", "DevoirsAlexa.Domain\DevoirsAlexa.Domain.csproj", "{55458675-AE08-4499-A0C9-4D8E68E1973A}"
EndProject
Project("{9A19103F-16F7-4668-BE54-9A1E7A4F7556}") = "DevoirsAlexa.Infrastructure", "DevoirsAlexa.Infrastructure\DevoirsAlexa.Infrastructure.csproj", "{30E83893-2568-475B-9364-9F44F1EC672C}"
EndProject
Project("{2150E333-8FDC-42A3-9474-1A3956D46DE8}") = "Solution Items", "Solution Items", "{5587F612-4A83-4512-87A3-893046522184}"
	ProjectSection(SolutionItems) = preProject
		.github\workflows\ci.yml = .github\workflows\ci.yml
		coverage.cmd = coverage.cmd
		Resources\icon.svg = Resources\icon.svg
		Resources\Presentation - 1.png = Resources\Presentation - 1.png
		Resources\Presentation - 2.png = Resources\Presentation - 2.png
		Resources\Presentation - 3.png = Resources\Presentation - 3.png
		README.md = README.md
	EndProjectSection
EndProject
Global
	GlobalSection(SolutionConfigurationPlatforms) = preSolution
		Debug|Any CPU = Debug|Any CPU
		Release|Any CPU = Release|Any CPU
	EndGlobalSection
	GlobalSection(ProjectConfigurationPlatforms) = postSolution
		{0B74EAE6-C71A-4CA0-A96D-ED51B2375B48}.Debug|Any CPU.ActiveCfg = Debug|Any CPU
		{0B74EAE6-C71A-4CA0-A96D-ED51B2375B48}.Debug|Any CPU.Build.0 = Debug|Any CPU
		{0B74EAE6-C71A-4CA0-A96D-ED51B2375B48}.Release|Any CPU.ActiveCfg = Release|Any CPU
		{0B74EAE6-C71A-4CA0-A96D-ED51B2375B48}.Release|Any CPU.Build.0 = Release|Any CPU
		{179FC3D1-F235-4AF3-A7C4-B442A2FF020E}.Debug|Any CPU.ActiveCfg = Debug|Any CPU
		{179FC3D1-F235-4AF3-A7C4-B442A2FF020E}.Debug|Any CPU.Build.0 = Debug|Any CPU
		{179FC3D1-F235-4AF3-A7C4-B442A2FF020E}.Release|Any CPU.ActiveCfg = Release|Any CPU
		{13CFEDE8-A313-44E3-B385-101EB4C97C6E}.Debug|Any CPU.ActiveCfg = Debug|Any CPU
		{13CFEDE8-A313-44E3-B385-101EB4C97C6E}.Debug|Any CPU.Build.0 = Debug|Any CPU
		{13CFEDE8-A313-44E3-B385-101EB4C97C6E}.Release|Any CPU.ActiveCfg = Release|Any CPU
		{13CFEDE8-A313-44E3-B385-101EB4C97C6E}.Release|Any CPU.Build.0 = Release|Any CPU
		{55458675-AE08-4499-A0C9-4D8E68E1973A}.Debug|Any CPU.ActiveCfg = Debug|Any CPU
		{55458675-AE08-4499-A0C9-4D8E68E1973A}.Debug|Any CPU.Build.0 = Debug|Any CPU
		{55458675-AE08-4499-A0C9-4D8E68E1973A}.Release|Any CPU.ActiveCfg = Release|Any CPU
		{55458675-AE08-4499-A0C9-4D8E68E1973A}.Release|Any CPU.Build.0 = Release|Any CPU
		{30E83893-2568-475B-9364-9F44F1EC672C}.Debug|Any CPU.ActiveCfg = Debug|Any CPU
		{30E83893-2568-475B-9364-9F44F1EC672C}.Debug|Any CPU.Build.0 = Debug|Any CPU
		{30E83893-2568-475B-9364-9F44F1EC672C}.Release|Any CPU.ActiveCfg = Release|Any CPU
		{30E83893-2568-475B-9364-9F44F1EC672C}.Release|Any CPU.Build.0 = Release|Any CPU
	EndGlobalSection
	GlobalSection(SolutionProperties) = preSolution
		HideSolutionNode = FALSE
	EndGlobalSection
	GlobalSection(ExtensibilityGlobals) = postSolution
		SolutionGuid = {11B57898-4665-4D45-9EF0-C05E200FF030}
	EndGlobalSection
EndGlobal
