
Microsoft Visual Studio Solution File, Format Version 12.00
# Visual Studio Version 17
VisualStudioVersion = 17.9.34728.123
MinimumVisualStudioVersion = 10.0.40219.1
Project("{9A19103F-16F7-4668-BE54-9A1E7A4F7556}") = "DevoirsAlexa", "DevoirsAlexa\DevoirsAlexa.csproj", "{0B74EAE6-C71A-4CA0-A96D-ED51B2375B48}"
EndProject
Project("{9A19103F-16F7-4668-BE54-9A1E7A4F7556}") = "DevoirsAlexa.Tests", "DevoirsAlexa.Tests\DevoirsAlexa.Tests.csproj", "{179FC3D1-F235-4AF3-A7C4-B442A2FF020E}"
EndProject
Project("{FAE04EC0-301F-11D3-BF4B-00C04F79EFBC}") = "Homework", "Homework\Homework.csproj", "{426201CC-2D29-4EB7-94A8-07387254D039}"
EndProject
Global
	GlobalSection(SolutionConfigurationPlatforms) = preSolution
		Debug|Any CPU = Debug|Any CPU
		Release|Any CPU = Release|Any CPU
	EndGlobalSection
	GlobalSection(ProjectConfigurationPlatforms) = postSolution
		{0B74EAE6-C71A-4CA0-A96D-ED51B2375B48}.Debug|Any CPU.ActiveCfg = Debug|Any CPU
		{0B74EAE6-C71A-4CA0-A96D-ED51B2375B48}.Debug|Any CPU.Build.0 = Debug|Any CPU
		{0B74EAE6-C71A-4CA0-A96D-ED51B2375B48}.Release|Any CPU.ActiveCfg = Release|Any CPU
		{0B74EAE6-C71A-4CA0-A96D-ED51B2375B48}.Release|Any CPU.Build.0 = Release|Any CPU
		{179FC3D1-F235-4AF3-A7C4-B442A2FF020E}.Debug|Any CPU.ActiveCfg = Debug|Any CPU
		{179FC3D1-F235-4AF3-A7C4-B442A2FF020E}.Debug|Any CPU.Build.0 = Debug|Any CPU
		{179FC3D1-F235-4AF3-A7C4-B442A2FF020E}.Release|Any CPU.ActiveCfg = Release|Any CPU
		{179FC3D1-F235-4AF3-A7C4-B442A2FF020E}.Release|Any CPU.Build.0 = Release|Any CPU
		{426201CC-2D29-4EB7-94A8-07387254D039}.Debug|Any CPU.ActiveCfg = Debug|Any CPU
		{426201CC-2D29-4EB7-94A8-07387254D039}.Debug|Any CPU.Build.0 = Debug|Any CPU
		{426201CC-2D29-4EB7-94A8-07387254D039}.Release|Any CPU.ActiveCfg = Release|Any CPU
		{426201CC-2D29-4EB7-94A8-07387254D039}.Release|Any CPU.Build.0 = Release|Any CPU
	EndGlobalSection
	GlobalSection(SolutionProperties) = preSolution
		HideSolutionNode = FALSE
	EndGlobalSection
	GlobalSection(ExtensibilityGlobals) = postSolution
		SolutionGuid = {11B57898-4665-4D45-9EF0-C05E200FF030}
	EndGlobalSection
EndGlobal
